{
  "version": 4,
  "terraform_version": "1.1.9",
  "serial": 2,
  "lineage": "b0cd1b46-d404-c596-9914-1f896a954ae3",
  "outputs": {},
  "resources": [
    {
      "mode": "data",
      "type": "aws_caller_identity",
      "name": "current",
      "provider": "provider[\"registry.terraform.io/hashicorp/aws\"]",
      "instances": [
        {
          "schema_version": 0,
          "attributes": {
            "account_id": "388272709061",
            "arn": "arn:aws:iam::388272709061:user/ekstest",
            "id": "388272709061",
            "user_id": "AIDAVUZW3LXCU76M7BXFM"
          },
          "sensitive_attributes": []
        }
      ]
    },
    {
      "module": "module.vpc",
      "mode": "managed",
      "type": "aws_vpc",
      "name": "ekstest",
      "provider": "provider[\"registry.terraform.io/hashicorp/aws\"]",
      "instances": [
        {
          "index_key": 0,
          "schema_version": 1,
          "attributes": {
            "arn": "arn:aws:ec2:ap-northeast-2:388272709061:vpc/vpc-088dd0315968d2f85",
            "assign_generated_ipv6_cidr_block": false,
            "cidr_block": "200.200.0.0/16",
            "default_network_acl_id": "acl-0069eb07a5e04da1a",
            "default_route_table_id": "rtb-01af9d67f47236dda",
            "default_security_group_id": "sg-0fdba83a00afb0082",
            "dhcp_options_id": "dopt-0a42462bfb417898a",
            "enable_classiclink": false,
            "enable_classiclink_dns_support": false,
            "enable_dns_hostnames": true,
            "enable_dns_support": true,
            "id": "vpc-088dd0315968d2f85",
            "instance_tenancy": "default",
            "ipv4_ipam_pool_id": null,
            "ipv4_netmask_length": null,
            "ipv6_association_id": "",
            "ipv6_cidr_block": "",
            "ipv6_cidr_block_network_border_group": "",
            "ipv6_ipam_pool_id": "",
            "ipv6_netmask_length": 0,
            "main_route_table_id": "rtb-01af9d67f47236dda",
            "owner_id": "388272709061",
            "tags": {
              "Name": "ekstest-dev-vpc"
            },
            "tags_all": {
              "Name": "ekstest-dev-vpc"
            }
          },
          "sensitive_attributes": [],
          "private": "eyJzY2hlbWFfdmVyc2lvbiI6IjEifQ=="
        }
      ]
    }
  ]
}
